
Microsoft Visual Studio Solution File, Format Version 12.00
# Visual Studio 14
VisualStudioVersion = 14.0.25420.1
MinimumVisualStudioVersion = 10.0.40219.1
Project("{6989167D-11E4-40FE-8C1A-2192A86A7E90}") = "Exceptions", "Exceptions\Exceptions.vfproj", "{AAEAAA29-23D8-4C16-9EC6-95E51687AB28}"
	ProjectSection(ProjectDependencies) = postProject
		{6279D4DE-0B16-4B64-A734-31DEB740F6A2} = {6279D4DE-0B16-4B64-A734-31DEB740F6A2}
	EndProjectSection
EndProject
Project("{8BC9CEB8-8B4A-11D0-8D11-00A0C91BC942}") = "ExceptionHandler", "ExceptionHandler\ExceptionHandler.vcxproj", "{6279D4DE-0B16-4B64-A734-31DEB740F6A2}"
EndProject
Project("{6989167D-11E4-40FE-8C1A-2192A86A7E90}") = "ExceptionTester", "..\test\ExceptionTester.vfproj", "{CD512D77-BAA2-465E-AC93-56C1A46824F0}"
	ProjectSection(ProjectDependencies) = postProject
		{AAEAAA29-23D8-4C16-9EC6-95E51687AB28} = {AAEAAA29-23D8-4C16-9EC6-95E51687AB28}
	EndProjectSection
EndProject
Global
	GlobalSection(SolutionConfigurationPlatforms) = preSolution
		Debug|x64 = Debug|x64
		Debug|x86 = Debug|x86
		Release|x64 = Release|x64
		Release|x86 = Release|x86
	EndGlobalSection
	GlobalSection(ProjectConfigurationPlatforms) = postSolution
		{AAEAAA29-23D8-4C16-9EC6-95E51687AB28}.Debug|x64.ActiveCfg = Debug|x64
		{AAEAAA29-23D8-4C16-9EC6-95E51687AB28}.Debug|x64.Build.0 = Debug|x64
		{AAEAAA29-23D8-4C16-9EC6-95E51687AB28}.Debug|x86.ActiveCfg = Debug|Win32
		{AAEAAA29-23D8-4C16-9EC6-95E51687AB28}.Debug|x86.Build.0 = Debug|Win32
		{AAEAAA29-23D8-4C16-9EC6-95E51687AB28}.Release|x64.ActiveCfg = Release|x64
		{AAEAAA29-23D8-4C16-9EC6-95E51687AB28}.Release|x64.Build.0 = Release|x64
		{AAEAAA29-23D8-4C16-9EC6-95E51687AB28}.Release|x86.ActiveCfg = Release|Win32
		{AAEAAA29-23D8-4C16-9EC6-95E51687AB28}.Release|x86.Build.0 = Release|Win32
		{6279D4DE-0B16-4B64-A734-31DEB740F6A2}.Debug|x64.ActiveCfg = Debug|x64
		{6279D4DE-0B16-4B64-A734-31DEB740F6A2}.Debug|x64.Build.0 = Debug|x64
		{6279D4DE-0B16-4B64-A734-31DEB740F6A2}.Debug|x86.ActiveCfg = Debug|Win32
		{6279D4DE-0B16-4B64-A734-31DEB740F6A2}.Debug|x86.Build.0 = Debug|Win32
		{6279D4DE-0B16-4B64-A734-31DEB740F6A2}.Release|x64.ActiveCfg = Release|x64
		{6279D4DE-0B16-4B64-A734-31DEB740F6A2}.Release|x64.Build.0 = Release|x64
		{6279D4DE-0B16-4B64-A734-31DEB740F6A2}.Release|x86.ActiveCfg = Release|Win32
		{6279D4DE-0B16-4B64-A734-31DEB740F6A2}.Release|x86.Build.0 = Release|Win32
		{CD512D77-BAA2-465E-AC93-56C1A46824F0}.Debug|x64.ActiveCfg = Debug|x64
		{CD512D77-BAA2-465E-AC93-56C1A46824F0}.Debug|x64.Build.0 = Debug|x64
		{CD512D77-BAA2-465E-AC93-56C1A46824F0}.Debug|x86.ActiveCfg = Debug|Win32
		{CD512D77-BAA2-465E-AC93-56C1A46824F0}.Debug|x86.Build.0 = Debug|Win32
		{CD512D77-BAA2-465E-AC93-56C1A46824F0}.Release|x64.ActiveCfg = Release|x64
		{CD512D77-BAA2-465E-AC93-56C1A46824F0}.Release|x64.Build.0 = Release|x64
		{CD512D77-BAA2-465E-AC93-56C1A46824F0}.Release|x86.ActiveCfg = Release|Win32
		{CD512D77-BAA2-465E-AC93-56C1A46824F0}.Release|x86.Build.0 = Release|Win32
	EndGlobalSection
	GlobalSection(SolutionProperties) = preSolution
		HideSolutionNode = FALSE
	EndGlobalSection
EndGlobal
